
Microsoft Visual Studio Solution File, Format Version 12.00
# Visual Studio Version 17
VisualStudioVersion = 17.3.32929.385
MinimumVisualStudioVersion = 10.0.40219.1
Project("{2150E333-8FDC-42A3-9474-1A3956D46DE8}") = "Src", "Src", "{063B82B7-5AA3-4167-BBEC-69553F5192DF}"
EndProject
Project("{2150E333-8FDC-42A3-9474-1A3956D46DE8}") = "Test", "Test", "{3086AA92-CD78-45F9-9666-CE31AEE063A1}"
EndProject
Project("{2150E333-8FDC-42A3-9474-1A3956D46DE8}") = "Document", "Document", "{A7CFF8DF-5AF4-44BB-8D01-5F0F12B60BA3}"
EndProject
Project("{2150E333-8FDC-42A3-9474-1A3956D46DE8}") = "Core", "Core", "{58C596DF-3927-49B8-91AE-77EE29CF828B}"
EndProject
Project("{2150E333-8FDC-42A3-9474-1A3956D46DE8}") = "Infrastracture", "Infrastracture", "{1DA782E0-08DE-4790-A19A-14A00EDEB63E}"
EndProject
Project("{2150E333-8FDC-42A3-9474-1A3956D46DE8}") = "Presentition", "Presentition", "{891BDC73-3635-4416-9D8E-861F7865864C}"
EndProject
Project("{2150E333-8FDC-42A3-9474-1A3956D46DE8}") = "Common", "Common", "{ADA96632-877D-47C2-916C-FB51EC42A21C}"
EndProject
Project("{FAE04EC0-301F-11D3-BF4B-00C04F79EFBC}") = "Common", "Common\Common.csproj", "{414CE62D-839A-4479-98D6-1F96285F776C}"
EndProject
Project("{FAE04EC0-301F-11D3-BF4B-00C04F79EFBC}") = "Application", "Application\Application.csproj", "{A31BCD40-293F-491A-B913-2F1A248A46C6}"
EndProject
Project("{FAE04EC0-301F-11D3-BF4B-00C04F79EFBC}") = "Domain", "Domain\Domain.csproj", "{B6FE3B24-BF62-44D1-9B68-1347A65D2B83}"
EndProject
Project("{FAE04EC0-301F-11D3-BF4B-00C04F79EFBC}") = "Infrastracture", "Infrastracture\Infrastracture.csproj", "{1A71C339-0F29-4168-84CB-29927A517304}"
EndProject
Project("{FAE04EC0-301F-11D3-BF4B-00C04F79EFBC}") = "Persistence", "Persistence\Persistence.csproj", "{2C38E4EB-70B1-45F9-A3D1-E5E97C541D3C}"
EndProject
Project("{FAE04EC0-301F-11D3-BF4B-00C04F79EFBC}") = "EndPoint.Site", "EndPoint.Site\EndPoint.Site.csproj", "{B1162FAE-F47B-4A56-9699-2557B359E943}"
EndProject
Global
	GlobalSection(SolutionConfigurationPlatforms) = preSolution
		Debug|Any CPU = Debug|Any CPU
		Release|Any CPU = Release|Any CPU
	EndGlobalSection
	GlobalSection(ProjectConfigurationPlatforms) = postSolution
		{414CE62D-839A-4479-98D6-1F96285F776C}.Debug|Any CPU.ActiveCfg = Debug|Any CPU
		{414CE62D-839A-4479-98D6-1F96285F776C}.Debug|Any CPU.Build.0 = Debug|Any CPU
		{414CE62D-839A-4479-98D6-1F96285F776C}.Release|Any CPU.ActiveCfg = Release|Any CPU
		{414CE62D-839A-4479-98D6-1F96285F776C}.Release|Any CPU.Build.0 = Release|Any CPU
		{A31BCD40-293F-491A-B913-2F1A248A46C6}.Debug|Any CPU.ActiveCfg = Release|Any CPU
		{A31BCD40-293F-491A-B913-2F1A248A46C6}.Debug|Any CPU.Build.0 = Release|Any CPU
		{A31BCD40-293F-491A-B913-2F1A248A46C6}.Release|Any CPU.ActiveCfg = Release|Any CPU
		{A31BCD40-293F-491A-B913-2F1A248A46C6}.Release|Any CPU.Build.0 = Release|Any CPU
		{B6FE3B24-BF62-44D1-9B68-1347A65D2B83}.Debug|Any CPU.ActiveCfg = Debug|Any CPU
		{B6FE3B24-BF62-44D1-9B68-1347A65D2B83}.Debug|Any CPU.Build.0 = Debug|Any CPU
		{B6FE3B24-BF62-44D1-9B68-1347A65D2B83}.Release|Any CPU.ActiveCfg = Release|Any CPU
		{B6FE3B24-BF62-44D1-9B68-1347A65D2B83}.Release|Any CPU.Build.0 = Release|Any CPU
		{1A71C339-0F29-4168-84CB-29927A517304}.Debug|Any CPU.ActiveCfg = Debug|Any CPU
		{1A71C339-0F29-4168-84CB-29927A517304}.Debug|Any CPU.Build.0 = Debug|Any CPU
		{1A71C339-0F29-4168-84CB-29927A517304}.Release|Any CPU.ActiveCfg = Release|Any CPU
		{1A71C339-0F29-4168-84CB-29927A517304}.Release|Any CPU.Build.0 = Release|Any CPU
		{2C38E4EB-70B1-45F9-A3D1-E5E97C541D3C}.Debug|Any CPU.ActiveCfg = Debug|Any CPU
		{2C38E4EB-70B1-45F9-A3D1-E5E97C541D3C}.Debug|Any CPU.Build.0 = Debug|Any CPU
		{2C38E4EB-70B1-45F9-A3D1-E5E97C541D3C}.Release|Any CPU.ActiveCfg = Release|Any CPU
		{2C38E4EB-70B1-45F9-A3D1-E5E97C541D3C}.Release|Any CPU.Build.0 = Release|Any CPU
		{B1162FAE-F47B-4A56-9699-2557B359E943}.Debug|Any CPU.ActiveCfg = Debug|Any CPU
		{B1162FAE-F47B-4A56-9699-2557B359E943}.Debug|Any CPU.Build.0 = Debug|Any CPU
		{B1162FAE-F47B-4A56-9699-2557B359E943}.Release|Any CPU.ActiveCfg = Release|Any CPU
		{B1162FAE-F47B-4A56-9699-2557B359E943}.Release|Any CPU.Build.0 = Release|Any CPU
	EndGlobalSection
	GlobalSection(SolutionProperties) = preSolution
		HideSolutionNode = FALSE
	EndGlobalSection
	GlobalSection(NestedProjects) = preSolution
		{58C596DF-3927-49B8-91AE-77EE29CF828B} = {063B82B7-5AA3-4167-BBEC-69553F5192DF}
		{1DA782E0-08DE-4790-A19A-14A00EDEB63E} = {063B82B7-5AA3-4167-BBEC-69553F5192DF}
		{891BDC73-3635-4416-9D8E-861F7865864C} = {063B82B7-5AA3-4167-BBEC-69553F5192DF}
		{ADA96632-877D-47C2-916C-FB51EC42A21C} = {063B82B7-5AA3-4167-BBEC-69553F5192DF}
		{414CE62D-839A-4479-98D6-1F96285F776C} = {ADA96632-877D-47C2-916C-FB51EC42A21C}
		{A31BCD40-293F-491A-B913-2F1A248A46C6} = {58C596DF-3927-49B8-91AE-77EE29CF828B}
		{B6FE3B24-BF62-44D1-9B68-1347A65D2B83} = {58C596DF-3927-49B8-91AE-77EE29CF828B}
		{1A71C339-0F29-4168-84CB-29927A517304} = {1DA782E0-08DE-4790-A19A-14A00EDEB63E}
		{2C38E4EB-70B1-45F9-A3D1-E5E97C541D3C} = {1DA782E0-08DE-4790-A19A-14A00EDEB63E}
		{B1162FAE-F47B-4A56-9699-2557B359E943} = {891BDC73-3635-4416-9D8E-861F7865864C}
	EndGlobalSection
	GlobalSection(ExtensibilityGlobals) = postSolution
		SolutionGuid = {E463DC76-BE55-4D7C-B5EE-48C1A2EF27CE}
	EndGlobalSection
EndGlobal
